
Microsoft Visual Studio Solution File, Format Version 12.00
# Visual Studio Version 16
VisualStudioVersion = 16.0.30503.244
MinimumVisualStudioVersion = 10.0.40219.1
Project("{FAE04EC0-301F-11D3-BF4B-00C04F79EFBC}") = "quizrriiight", "quizrriiight\quizrriiight.csproj", "{8B334A43-B9A1-43D2-A6E2-F21B72316192}"
EndProject
Global
	GlobalSection(SolutionConfigurationPlatforms) = preSolution
		Debug|Any CPU = Debug|Any CPU
		Release|Any CPU = Release|Any CPU
	EndGlobalSection
	GlobalSection(ProjectConfigurationPlatforms) = postSolution
		{8B334A43-B9A1-43D2-A6E2-F21B72316192}.Debug|Any CPU.ActiveCfg = Debug|Any CPU
		{8B334A43-B9A1-43D2-A6E2-F21B72316192}.Debug|Any CPU.Build.0 = Debug|Any CPU
		{8B334A43-B9A1-43D2-A6E2-F21B72316192}.Release|Any CPU.ActiveCfg = Release|Any CPU
		{8B334A43-B9A1-43D2-A6E2-F21B72316192}.Release|Any CPU.Build.0 = Release|Any CPU
	EndGlobalSection
	GlobalSection(SolutionProperties) = preSolution
		HideSolutionNode = FALSE
	EndGlobalSection
	GlobalSection(ExtensibilityGlobals) = postSolution
		SolutionGuid = {481F33F6-4824-489F-8575-9CFDC4932D6C}
	EndGlobalSection
EndGlobal
